
Microsoft Visual Studio Solution File, Format Version 12.00
# Visual Studio Version 16
VisualStudioVersion = 16.0.29102.190
MinimumVisualStudioVersion = 10.0.40219.1
Project("{FAE04EC0-301F-11D3-BF4B-00C04F79EFBC}") = "UtilizandoWhile", "LacosDeRepeticao\UtilizandoWhile.csproj", "{8A88B582-BF7F-47E4-AA5D-CE6E27CC3377}"
EndProject
Project("{9A19103F-16F7-4668-BE54-9A1E7A4F7556}") = "OndasEstruturadas", "OndasEstrturadas\OndasEstruturadas.csproj", "{5F1F5580-A874-47C7-ABE4-8E09305EE426}"
EndProject
Project("{FAE04EC0-301F-11D3-BF4B-00C04F79EFBC}") = "forPalavras", "ConsoleApp1\forPalavras.csproj", "{C8E1E937-3526-4A1A-AA48-EF383EAAF9B9}"
EndProject
Project("{FAE04EC0-301F-11D3-BF4B-00C04F79EFBC}") = "whilePalavras", "whilePalavras\whilePalavras.csproj", "{C36D979A-A8A2-430A-BFC3-C7850980A0F2}"
EndProject
Global
	GlobalSection(SolutionConfigurationPlatforms) = preSolution
		Debug|Any CPU = Debug|Any CPU
		Release|Any CPU = Release|Any CPU
	EndGlobalSection
	GlobalSection(ProjectConfigurationPlatforms) = postSolution
		{8A88B582-BF7F-47E4-AA5D-CE6E27CC3377}.Debug|Any CPU.ActiveCfg = Debug|Any CPU
		{8A88B582-BF7F-47E4-AA5D-CE6E27CC3377}.Debug|Any CPU.Build.0 = Debug|Any CPU
		{8A88B582-BF7F-47E4-AA5D-CE6E27CC3377}.Release|Any CPU.ActiveCfg = Release|Any CPU
		{8A88B582-BF7F-47E4-AA5D-CE6E27CC3377}.Release|Any CPU.Build.0 = Release|Any CPU
		{5F1F5580-A874-47C7-ABE4-8E09305EE426}.Debug|Any CPU.ActiveCfg = Debug|Any CPU
		{5F1F5580-A874-47C7-ABE4-8E09305EE426}.Debug|Any CPU.Build.0 = Debug|Any CPU
		{5F1F5580-A874-47C7-ABE4-8E09305EE426}.Release|Any CPU.ActiveCfg = Release|Any CPU
		{5F1F5580-A874-47C7-ABE4-8E09305EE426}.Release|Any CPU.Build.0 = Release|Any CPU
		{C8E1E937-3526-4A1A-AA48-EF383EAAF9B9}.Debug|Any CPU.ActiveCfg = Debug|Any CPU
		{C8E1E937-3526-4A1A-AA48-EF383EAAF9B9}.Debug|Any CPU.Build.0 = Debug|Any CPU
		{C8E1E937-3526-4A1A-AA48-EF383EAAF9B9}.Release|Any CPU.ActiveCfg = Release|Any CPU
		{C8E1E937-3526-4A1A-AA48-EF383EAAF9B9}.Release|Any CPU.Build.0 = Release|Any CPU
		{C36D979A-A8A2-430A-BFC3-C7850980A0F2}.Debug|Any CPU.ActiveCfg = Debug|Any CPU
		{C36D979A-A8A2-430A-BFC3-C7850980A0F2}.Debug|Any CPU.Build.0 = Debug|Any CPU
		{C36D979A-A8A2-430A-BFC3-C7850980A0F2}.Release|Any CPU.ActiveCfg = Release|Any CPU
		{C36D979A-A8A2-430A-BFC3-C7850980A0F2}.Release|Any CPU.Build.0 = Release|Any CPU
	EndGlobalSection
	GlobalSection(SolutionProperties) = preSolution
		HideSolutionNode = FALSE
	EndGlobalSection
	GlobalSection(ExtensibilityGlobals) = postSolution
		SolutionGuid = {69333CEC-ED1B-4AE8-86D4-68631011E5D4}
	EndGlobalSection
EndGlobal
